// !$*UTF8*$!
{
	archiveVersion = 1;
	classes = {
	};
	objectVersion = 46;
	objects = {

/* Begin PBXBuildFile section */
		6530BA271EE2307B002AC64A /* NSArray+ICExtensions.m in Sources */ = {isa = PBXBuildFile; fileRef = 6530B9F51EE2307B002AC64A /* NSArray+ICExtensions.m */; };
		6530BA281EE2307B002AC64A /* NSObject+ICExtensions.m in Sources */ = {isa = PBXBuildFile; fileRef = 6530B9F71EE2307B002AC64A /* NSObject+ICExtensions.m */; };
		6530BA291EE2307B002AC64A /* ICAlphabet.m in Sources */ = {isa = PBXBuildFile; fileRef = 6530B9FA1EE2307B002AC64A /* ICAlphabet.m */; };
		6530BA2A1EE2307B002AC64A /* NSString+ICGenerateRandomString.m in Sources */ = {isa = PBXBuildFile; fileRef = 6530B9FC1EE2307B002AC64A /* NSString+ICGenerateRandomString.m */; };
		6530BA2B1EE2307B002AC64A /* ICClusterAlphabet.m in Sources */ = {isa = PBXBuildFile; fileRef = 6530B9FF1EE2307B002AC64A /* ICClusterAlphabet.m */; };
		6530BA2C1EE2307B002AC64A /* ICRangeAlphabet.m in Sources */ = {isa = PBXBuildFile; fileRef = 6530BA011EE2307B002AC64A /* ICRangeAlphabet.m */; };
		6530BA2D1EE2307B002AC64A /* ICStringsAlphabet.m in Sources */ = {isa = PBXBuildFile; fileRef = 6530BA031EE2307B002AC64A /* ICStringsAlphabet.m */; };
		6530BA2E1EE2307B002AC64A /* main.m in Sources */ = {isa = PBXBuildFile; fileRef = 6530BA041EE2307B002AC64A /* main.m */; };
		6530BA2F1EE2307B002AC64A /* ICCreature.m in Sources */ = {isa = PBXBuildFile; fileRef = 6530BA071EE2307B002AC64A /* ICCreature.m */; };
		6530BA301EE2307B002AC64A /* ICRandomInRange.m in Sources */ = {isa = PBXBuildFile; fileRef = 6530BA091EE2307B002AC64A /* ICRandomInRange.m */; };
		6530BA311EE2307B002AC64A /* ICFemaleCreature.m in Sources */ = {isa = PBXBuildFile; fileRef = 6530BA0C1EE2307B002AC64A /* ICFemaleCreature.m */; };
		6530BA321EE2307B002AC64A /* ICMaleCreature.m in Sources */ = {isa = PBXBuildFile; fileRef = 6530BA0E1EE2307B002AC64A /* ICMaleCreature.m */; };
		6530BA331EE2307B002AC64A /* ICCar.m in Sources */ = {isa = PBXBuildFile; fileRef = 6530BA121EE2307B002AC64A /* ICCar.m */; };
		6530BA341EE2307B002AC64A /* ICCarWash.m in Sources */ = {isa = PBXBuildFile; fileRef = 6530BA151EE2307B002AC64A /* ICCarWash.m */; };
		6530BA351EE2307B002AC64A /* ICAccountant.m in Sources */ = {isa = PBXBuildFile; fileRef = 6530BA181EE2307B002AC64A /* ICAccountant.m */; };
		6530BA361EE2307B002AC64A /* ICDirector.m in Sources */ = {isa = PBXBuildFile; fileRef = 6530BA1A1EE2307B002AC64A /* ICDirector.m */; };
		6530BA371EE2307B002AC64A /* ICEmployee.m in Sources */ = {isa = PBXBuildFile; fileRef = 6530BA1C1EE2307B002AC64A /* ICEmployee.m */; };
		6530BA381EE2307B002AC64A /* ICWasher.m in Sources */ = {isa = PBXBuildFile; fileRef = 6530BA1E1EE2307B002AC64A /* ICWasher.m */; };
		6530BA391EE2307B002AC64A /* ICObservableObject.m in Sources */ = {isa = PBXBuildFile; fileRef = 6530BA211EE2307B002AC64A /* ICObservableObject.m */; };
		6530BB0C1EF18596002AC64A /* ICQueue.m in Sources */ = {isa = PBXBuildFile; fileRef = 6530BB0B1EF18596002AC64A /* ICQueue.m */; };
/* End PBXBuildFile section */

/* Begin PBXCopyFilesBuildPhase section */
		6532882E1EAAA78B00E63A8A /* CopyFiles */ = {
			isa = PBXCopyFilesBuildPhase;
			buildActionMask = 2147483647;
			dstPath = /usr/share/man/man1/;
			dstSubfolderSpec = 0;
			files = (
			);
			runOnlyForDeploymentPostprocessing = 1;
		};
/* End PBXCopyFilesBuildPhase section */

/* Begin PBXFileReference section */
		651069CE1EDE05D40014FFC2 /* Creature1 */ = {isa = PBXFileReference; explicitFileType = "compiled.mach-o.executable"; includeInIndex = 0; path = Creature1; sourceTree = BUILT_PRODUCTS_DIR; };
		6530B9F41EE2307B002AC64A /* NSArray+ICExtensions.h */ = {isa = PBXFileReference; fileEncoding = 4; lastKnownFileType = sourcecode.c.h; path = "NSArray+ICExtensions.h"; sourceTree = "<group>"; };
		6530B9F51EE2307B002AC64A /* NSArray+ICExtensions.m */ = {isa = PBXFileReference; fileEncoding = 4; lastKnownFileType = sourcecode.c.objc; path = "NSArray+ICExtensions.m"; sourceTree = "<group>"; };
		6530B9F61EE2307B002AC64A /* NSObject+ICExtensions.h */ = {isa = PBXFileReference; fileEncoding = 4; lastKnownFileType = sourcecode.c.h; path = "NSObject+ICExtensions.h"; sourceTree = "<group>"; };
		6530B9F71EE2307B002AC64A /* NSObject+ICExtensions.m */ = {isa = PBXFileReference; fileEncoding = 4; lastKnownFileType = sourcecode.c.objc; path = "NSObject+ICExtensions.m"; sourceTree = "<group>"; };
		6530B9F91EE2307B002AC64A /* ICAlphabet.h */ = {isa = PBXFileReference; fileEncoding = 4; lastKnownFileType = sourcecode.c.h; path = ICAlphabet.h; sourceTree = "<group>"; };
		6530B9FA1EE2307B002AC64A /* ICAlphabet.m */ = {isa = PBXFileReference; fileEncoding = 4; lastKnownFileType = sourcecode.c.objc; path = ICAlphabet.m; sourceTree = "<group>"; };
		6530B9FB1EE2307B002AC64A /* NSString+ICGenerateRandomString.h */ = {isa = PBXFileReference; fileEncoding = 4; lastKnownFileType = sourcecode.c.h; path = "NSString+ICGenerateRandomString.h"; sourceTree = "<group>"; };
		6530B9FC1EE2307B002AC64A /* NSString+ICGenerateRandomString.m */ = {isa = PBXFileReference; fileEncoding = 4; lastKnownFileType = sourcecode.c.objc; path = "NSString+ICGenerateRandomString.m"; sourceTree = "<group>"; };
		6530B9FE1EE2307B002AC64A /* ICClusterAlphabet.h */ = {isa = PBXFileReference; fileEncoding = 4; lastKnownFileType = sourcecode.c.h; path = ICClusterAlphabet.h; sourceTree = "<group>"; };
		6530B9FF1EE2307B002AC64A /* ICClusterAlphabet.m */ = {isa = PBXFileReference; fileEncoding = 4; lastKnownFileType = sourcecode.c.objc; path = ICClusterAlphabet.m; sourceTree = "<group>"; };
		6530BA001EE2307B002AC64A /* ICRangeAlphabet.h */ = {isa = PBXFileReference; fileEncoding = 4; lastKnownFileType = sourcecode.c.h; path = ICRangeAlphabet.h; sourceTree = "<group>"; };
		6530BA011EE2307B002AC64A /* ICRangeAlphabet.m */ = {isa = PBXFileReference; fileEncoding = 4; lastKnownFileType = sourcecode.c.objc; path = ICRangeAlphabet.m; sourceTree = "<group>"; };
		6530BA021EE2307B002AC64A /* ICStringsAlphabet.h */ = {isa = PBXFileReference; fileEncoding = 4; lastKnownFileType = sourcecode.c.h; path = ICStringsAlphabet.h; sourceTree = "<group>"; };
		6530BA031EE2307B002AC64A /* ICStringsAlphabet.m */ = {isa = PBXFileReference; fileEncoding = 4; lastKnownFileType = sourcecode.c.objc; path = ICStringsAlphabet.m; sourceTree = "<group>"; };
		6530BA041EE2307B002AC64A /* main.m */ = {isa = PBXFileReference; fileEncoding = 4; lastKnownFileType = sourcecode.c.objc; path = main.m; sourceTree = "<group>"; };
		6530BA061EE2307B002AC64A /* ICCreature.h */ = {isa = PBXFileReference; fileEncoding = 4; lastKnownFileType = sourcecode.c.h; path = ICCreature.h; sourceTree = "<group>"; };
		6530BA071EE2307B002AC64A /* ICCreature.m */ = {isa = PBXFileReference; fileEncoding = 4; lastKnownFileType = sourcecode.c.objc; path = ICCreature.m; sourceTree = "<group>"; };
		6530BA081EE2307B002AC64A /* ICRandomInRange.h */ = {isa = PBXFileReference; fileEncoding = 4; lastKnownFileType = sourcecode.c.h; path = ICRandomInRange.h; sourceTree = "<group>"; };
		6530BA091EE2307B002AC64A /* ICRandomInRange.m */ = {isa = PBXFileReference; fileEncoding = 4; lastKnownFileType = sourcecode.c.objc; path = ICRandomInRange.m; sourceTree = "<group>"; };
		6530BA0B1EE2307B002AC64A /* ICFemaleCreature.h */ = {isa = PBXFileReference; fileEncoding = 4; lastKnownFileType = sourcecode.c.h; path = ICFemaleCreature.h; sourceTree = "<group>"; };
		6530BA0C1EE2307B002AC64A /* ICFemaleCreature.m */ = {isa = PBXFileReference; fileEncoding = 4; lastKnownFileType = sourcecode.c.objc; path = ICFemaleCreature.m; sourceTree = "<group>"; };
		6530BA0D1EE2307B002AC64A /* ICMaleCreature.h */ = {isa = PBXFileReference; fileEncoding = 4; lastKnownFileType = sourcecode.c.h; path = ICMaleCreature.h; sourceTree = "<group>"; };
		6530BA0E1EE2307B002AC64A /* ICMaleCreature.m */ = {isa = PBXFileReference; fileEncoding = 4; lastKnownFileType = sourcecode.c.objc; path = ICMaleCreature.m; sourceTree = "<group>"; };
		6530BA111EE2307B002AC64A /* ICCar.h */ = {isa = PBXFileReference; fileEncoding = 4; lastKnownFileType = sourcecode.c.h; path = ICCar.h; sourceTree = "<group>"; };
		6530BA121EE2307B002AC64A /* ICCar.m */ = {isa = PBXFileReference; fileEncoding = 4; lastKnownFileType = sourcecode.c.objc; path = ICCar.m; sourceTree = "<group>"; };
		6530BA141EE2307B002AC64A /* ICCarWash.h */ = {isa = PBXFileReference; fileEncoding = 4; lastKnownFileType = sourcecode.c.h; path = ICCarWash.h; sourceTree = "<group>"; };
		6530BA151EE2307B002AC64A /* ICCarWash.m */ = {isa = PBXFileReference; fileEncoding = 4; lastKnownFileType = sourcecode.c.objc; path = ICCarWash.m; sourceTree = "<group>"; };
		6530BA171EE2307B002AC64A /* ICAccountant.h */ = {isa = PBXFileReference; fileEncoding = 4; lastKnownFileType = sourcecode.c.h; path = ICAccountant.h; sourceTree = "<group>"; };
		6530BA181EE2307B002AC64A /* ICAccountant.m */ = {isa = PBXFileReference; fileEncoding = 4; lastKnownFileType = sourcecode.c.objc; path = ICAccountant.m; sourceTree = "<group>"; };
		6530BA191EE2307B002AC64A /* ICDirector.h */ = {isa = PBXFileReference; fileEncoding = 4; lastKnownFileType = sourcecode.c.h; path = ICDirector.h; sourceTree = "<group>"; };
		6530BA1A1EE2307B002AC64A /* ICDirector.m */ = {isa = PBXFileReference; fileEncoding = 4; lastKnownFileType = sourcecode.c.objc; path = ICDirector.m; sourceTree = "<group>"; };
		6530BA1B1EE2307B002AC64A /* ICEmployee.h */ = {isa = PBXFileReference; fileEncoding = 4; lastKnownFileType = sourcecode.c.h; path = ICEmployee.h; sourceTree = "<group>"; };
		6530BA1C1EE2307B002AC64A /* ICEmployee.m */ = {isa = PBXFileReference; fileEncoding = 4; lastKnownFileType = sourcecode.c.objc; path = ICEmployee.m; sourceTree = "<group>"; };
		6530BA1D1EE2307B002AC64A /* ICWasher.h */ = {isa = PBXFileReference; fileEncoding = 4; lastKnownFileType = sourcecode.c.h; path = ICWasher.h; sourceTree = "<group>"; };
		6530BA1E1EE2307B002AC64A /* ICWasher.m */ = {isa = PBXFileReference; fileEncoding = 4; lastKnownFileType = sourcecode.c.objc; path = ICWasher.m; sourceTree = "<group>"; };
		6530BA201EE2307B002AC64A /* ICObservableObject.h */ = {isa = PBXFileReference; fileEncoding = 4; lastKnownFileType = sourcecode.c.h; path = ICObservableObject.h; sourceTree = "<group>"; };
		6530BA211EE2307B002AC64A /* ICObservableObject.m */ = {isa = PBXFileReference; fileEncoding = 4; lastKnownFileType = sourcecode.c.objc; path = ICObservableObject.m; sourceTree = "<group>"; };
		6530BA231EE2307B002AC64A /* ICFinancialFlow.h */ = {isa = PBXFileReference; fileEncoding = 4; lastKnownFileType = sourcecode.c.h; path = ICFinancialFlow.h; sourceTree = "<group>"; };
		6530BA241EE2307B002AC64A /* Creature1.xcodeproj */ = {isa = PBXFileReference; lastKnownFileType = "wrapper.pb-project"; path = Creature1.xcodeproj; sourceTree = "<group>"; };
		6530BB0A1EF18596002AC64A /* ICQueue.h */ = {isa = PBXFileReference; fileEncoding = 4; lastKnownFileType = sourcecode.c.h; path = ICQueue.h; sourceTree = "<group>"; };
		6530BB0B1EF18596002AC64A /* ICQueue.m */ = {isa = PBXFileReference; fileEncoding = 4; lastKnownFileType = sourcecode.c.objc; path = ICQueue.m; sourceTree = "<group>"; };
/* End PBXFileReference section */

/* Begin PBXFrameworksBuildPhase section */
		6532882D1EAAA78B00E63A8A /* Frameworks */ = {
			isa = PBXFrameworksBuildPhase;
			buildActionMask = 2147483647;
			files = (
			);
			runOnlyForDeploymentPostprocessing = 0;
		};
/* End PBXFrameworksBuildPhase section */

/* Begin PBXGroup section */
		6530B9F11EE2307B002AC64A /* Creature1 */ = {
			isa = PBXGroup;
			children = (
				6530B9F21EE2307B002AC64A /* Creature1 */,
				6530BA241EE2307B002AC64A /* Creature1.xcodeproj */,
			);
			name = Creature1;
			sourceTree = "<group>";
		};
		6530B9F21EE2307B002AC64A /* Creature1 */ = {
			isa = PBXGroup;
			children = (
				6530B9F31EE2307B002AC64A /* Categories */,
				6530BA041EE2307B002AC64A /* main.m */,
				6530BA051EE2307B002AC64A /* Task2 */,
				6530BA0F1EE2307B002AC64A /* Task3 */,
			);
			path = Creature1;
			sourceTree = "<group>";
		};
		6530B9F31EE2307B002AC64A /* Categories */ = {
			isa = PBXGroup;
			children = (
				6530B9F41EE2307B002AC64A /* NSArray+ICExtensions.h */,
				6530B9F51EE2307B002AC64A /* NSArray+ICExtensions.m */,
				6530B9F61EE2307B002AC64A /* NSObject+ICExtensions.h */,
				6530B9F71EE2307B002AC64A /* NSObject+ICExtensions.m */,
				6530B9F81EE2307B002AC64A /* NSString + ICExtensions */,
			);
			path = Categories;
			sourceTree = "<group>";
		};
		6530B9F81EE2307B002AC64A /* NSString + ICExtensions */ = {
			isa = PBXGroup;
			children = (
				6530B9F91EE2307B002AC64A /* ICAlphabet.h */,
				6530B9FA1EE2307B002AC64A /* ICAlphabet.m */,
				6530B9FB1EE2307B002AC64A /* NSString+ICGenerateRandomString.h */,
				6530B9FC1EE2307B002AC64A /* NSString+ICGenerateRandomString.m */,
				6530B9FD1EE2307B002AC64A /* Private */,
			);
			path = "NSString + ICExtensions";
			sourceTree = "<group>";
		};
		6530B9FD1EE2307B002AC64A /* Private */ = {
			isa = PBXGroup;
			children = (
				6530B9FE1EE2307B002AC64A /* ICClusterAlphabet.h */,
				6530B9FF1EE2307B002AC64A /* ICClusterAlphabet.m */,
				6530BA001EE2307B002AC64A /* ICRangeAlphabet.h */,
				6530BA011EE2307B002AC64A /* ICRangeAlphabet.m */,
				6530BA021EE2307B002AC64A /* ICStringsAlphabet.h */,
				6530BA031EE2307B002AC64A /* ICStringsAlphabet.m */,
			);
			path = Private;
			sourceTree = "<group>";
		};
		6530BA051EE2307B002AC64A /* Task2 */ = {
			isa = PBXGroup;
			children = (
				6530BA061EE2307B002AC64A /* ICCreature.h */,
				6530BA071EE2307B002AC64A /* ICCreature.m */,
				6530BA081EE2307B002AC64A /* ICRandomInRange.h */,
				6530BA091EE2307B002AC64A /* ICRandomInRange.m */,
				6530BA0A1EE2307B002AC64A /* Subclasses */,
			);
			path = Task2;
			sourceTree = "<group>";
		};
		6530BA0A1EE2307B002AC64A /* Subclasses */ = {
			isa = PBXGroup;
			children = (
				6530BA0B1EE2307B002AC64A /* ICFemaleCreature.h */,
				6530BA0C1EE2307B002AC64A /* ICFemaleCreature.m */,
				6530BA0D1EE2307B002AC64A /* ICMaleCreature.h */,
				6530BA0E1EE2307B002AC64A /* ICMaleCreature.m */,
			);
			path = Subclasses;
			sourceTree = "<group>";
		};
		6530BA0F1EE2307B002AC64A /* Task3 */ = {
			isa = PBXGroup;
			children = (
				6530BB091EF18582002AC64A /* Queue */,
				6530BA101EE2307B002AC64A /* Cars */,
				6530BA131EE2307B002AC64A /* CarWashEnterprice */,
				6530BA161EE2307B002AC64A /* Employees */,
				6530BA1F1EE2307B002AC64A /* ObservableObject */,
				6530BA221EE2307B002AC64A /* Protocols */,
			);
			path = Task3;
			sourceTree = "<group>";
		};
		6530BA101EE2307B002AC64A /* Cars */ = {
			isa = PBXGroup;
			children = (
				6530BA111EE2307B002AC64A /* ICCar.h */,
				6530BA121EE2307B002AC64A /* ICCar.m */,
			);
			path = Cars;
			sourceTree = "<group>";
		};
		6530BA131EE2307B002AC64A /* CarWashEnterprice */ = {
			isa = PBXGroup;
			children = (
				6530BA141EE2307B002AC64A /* ICCarWash.h */,
				6530BA151EE2307B002AC64A /* ICCarWash.m */,
			);
			path = CarWashEnterprice;
			sourceTree = "<group>";
		};
		6530BA161EE2307B002AC64A /* Employees */ = {
			isa = PBXGroup;
			children = (
				6530BA171EE2307B002AC64A /* ICAccountant.h */,
				6530BA181EE2307B002AC64A /* ICAccountant.m */,
				6530BA191EE2307B002AC64A /* ICDirector.h */,
				6530BA1A1EE2307B002AC64A /* ICDirector.m */,
				6530BA1B1EE2307B002AC64A /* ICEmployee.h */,
				6530BA1C1EE2307B002AC64A /* ICEmployee.m */,
				6530BA1D1EE2307B002AC64A /* ICWasher.h */,
				6530BA1E1EE2307B002AC64A /* ICWasher.m */,
			);
			path = Employees;
			sourceTree = "<group>";
		};
		6530BA1F1EE2307B002AC64A /* ObservableObject */ = {
			isa = PBXGroup;
			children = (
				6530BA201EE2307B002AC64A /* ICObservableObject.h */,
				6530BA211EE2307B002AC64A /* ICObservableObject.m */,
			);
			path = ObservableObject;
			sourceTree = "<group>";
		};
		6530BA221EE2307B002AC64A /* Protocols */ = {
			isa = PBXGroup;
			children = (
				6530BA231EE2307B002AC64A /* ICFinancialFlow.h */,
			);
			path = Protocols;
			sourceTree = "<group>";
		};
		6530BA251EE2307B002AC64A /* Products */ = {
			isa = PBXGroup;
			name = Products;
			sourceTree = "<group>";
		};
		6530BB091EF18582002AC64A /* Queue */ = {
			isa = PBXGroup;
			children = (
				6530BB0A1EF18596002AC64A /* ICQueue.h */,
				6530BB0B1EF18596002AC64A /* ICQueue.m */,
			);
			path = Queue;
			sourceTree = "<group>";
		};
		653288271EAAA78B00E63A8A = {
			isa = PBXGroup;
			children = (
				6530B9F11EE2307B002AC64A /* Creature1 */,
				651069CE1EDE05D40014FFC2 /* Creature1 */,
			);
			sourceTree = "<group>";
		};
/* End PBXGroup section */

/* Begin PBXNativeTarget section */
		6532882F1EAAA78B00E63A8A /* Creature1 */ = {
			isa = PBXNativeTarget;
			buildConfigurationList = 653288371EAAA78B00E63A8A /* Build configuration list for PBXNativeTarget "Creature1" */;
			buildPhases = (
				6532882C1EAAA78B00E63A8A /* Sources */,
				6532882D1EAAA78B00E63A8A /* Frameworks */,
				6532882E1EAAA78B00E63A8A /* CopyFiles */,
			);
			buildRules = (
			);
			dependencies = (
			);
			name = Creature1;
			productName = Creature1;
			productReference = 651069CE1EDE05D40014FFC2 /* Creature1 */;
			productType = "com.apple.product-type.tool";
		};
/* End PBXNativeTarget section */

/* Begin PBXProject section */
		653288281EAAA78B00E63A8A /* Project object */ = {
			isa = PBXProject;
			attributes = {
				LastUpgradeCheck = 0830;
				ORGANIZATIONNAME = "Anna P.";
				TargetAttributes = {
					6532882F1EAAA78B00E63A8A = {
						CreatedOnToolsVersion = 8.3.1;
						ProvisioningStyle = Automatic;
					};
				};
			};
			buildConfigurationList = 6532882B1EAAA78B00E63A8A /* Build configuration list for PBXProject "Creature1" */;
			compatibilityVersion = "Xcode 3.2";
			developmentRegion = English;
			hasScannedForEncodings = 0;
			knownRegions = (
				en,
			);
			mainGroup = 653288271EAAA78B00E63A8A;
			productRefGroup = 653288271EAAA78B00E63A8A;
			projectDirPath = "";
			projectReferences = (
				{
					ProductGroup = 6530BA251EE2307B002AC64A /* Products */;
					ProjectRef = 6530BA241EE2307B002AC64A /* Creature1.xcodeproj */;
				},
			);
			projectRoot = "";
			targets = (
				6532882F1EAAA78B00E63A8A /* Creature1 */,
			);
		};
/* End PBXProject section */

/* Begin PBXSourcesBuildPhase section */
		6532882C1EAAA78B00E63A8A /* Sources */ = {
			isa = PBXSourcesBuildPhase;
			buildActionMask = 2147483647;
			files = (
				6530BA2B1EE2307B002AC64A /* ICClusterAlphabet.m in Sources */,
				6530BA381EE2307B002AC64A /* ICWasher.m in Sources */,
				6530BA271EE2307B002AC64A /* NSArray+ICExtensions.m in Sources */,
				6530BA391EE2307B002AC64A /* ICObservableObject.m in Sources */,
				6530BA371EE2307B002AC64A /* ICEmployee.m in Sources */,
				6530BA2F1EE2307B002AC64A /* ICCreature.m in Sources */,
				6530BA2C1EE2307B002AC64A /* ICRangeAlphabet.m in Sources */,
				6530BA281EE2307B002AC64A /* NSObject+ICExtensions.m in Sources */,
				6530BA321EE2307B002AC64A /* ICMaleCreature.m in Sources */,
				6530BA351EE2307B002AC64A /* ICAccountant.m in Sources */,
				6530BA301EE2307B002AC64A /* ICRandomInRange.m in Sources */,
				6530BA2A1EE2307B002AC64A /* NSString+ICGenerateRandomString.m in Sources */,
				6530BA2D1EE2307B002AC64A /* ICStringsAlphabet.m in Sources */,
				6530BB0C1EF18596002AC64A /* ICQueue.m in Sources */,
				6530BA341EE2307B002AC64A /* ICCarWash.m in Sources */,
				6530BA311EE2307B002AC64A /* ICFemaleCreature.m in Sources */,
				6530BA2E1EE2307B002AC64A /* main.m in Sources */,
				6530BA331EE2307B002AC64A /* ICCar.m in Sources */,
				6530BA291EE2307B002AC64A /* ICAlphabet.m in Sources */,
				6530BA361EE2307B002AC64A /* ICDirector.m in Sources */,
			);
			runOnlyForDeploymentPostprocessing = 0;
		};
/* End PBXSourcesBuildPhase section */

/* Begin XCBuildConfiguration section */
		653288351EAAA78B00E63A8A /* Debug */ = {
			isa = XCBuildConfiguration;
			buildSettings = {
				ALWAYS_SEARCH_USER_PATHS = NO;
				CLANG_ANALYZER_NONNULL = YES;
				CLANG_ANALYZER_NUMBER_OBJECT_CONVERSION = YES_AGGRESSIVE;
				CLANG_CXX_LANGUAGE_STANDARD = "gnu++0x";
				CLANG_CXX_LIBRARY = "libc++";
				CLANG_ENABLE_MODULES = YES;
				CLANG_ENABLE_OBJC_ARC = YES;
				CLANG_WARN_BOOL_CONVERSION = YES;
				CLANG_WARN_CONSTANT_CONVERSION = YES;
				CLANG_WARN_DIRECT_OBJC_ISA_USAGE = YES_ERROR;
				CLANG_WARN_DOCUMENTATION_COMMENTS = YES;
				CLANG_WARN_EMPTY_BODY = YES;
				CLANG_WARN_ENUM_CONVERSION = YES;
				CLANG_WARN_INFINITE_RECURSION = YES;
				CLANG_WARN_INT_CONVERSION = YES;
				CLANG_WARN_OBJC_ROOT_CLASS = YES_ERROR;
				CLANG_WARN_SUSPICIOUS_MOVE = YES;
				CLANG_WARN_UNREACHABLE_CODE = YES;
				CLANG_WARN__DUPLICATE_METHOD_MATCH = YES;
				CODE_SIGN_IDENTITY = "-";
				COPY_PHASE_STRIP = NO;
				DEBUG_INFORMATION_FORMAT = dwarf;
				ENABLE_STRICT_OBJC_MSGSEND = YES;
				ENABLE_TESTABILITY = YES;
				GCC_C_LANGUAGE_STANDARD = gnu99;
				GCC_DYNAMIC_NO_PIC = NO;
				GCC_NO_COMMON_BLOCKS = YES;
				GCC_OPTIMIZATION_LEVEL = 0;
				GCC_PREPROCESSOR_DEFINITIONS = (
					"DEBUG=1",
					"$(inherited)",
				);
				GCC_WARN_64_TO_32_BIT_CONVERSION = YES;
				GCC_WARN_ABOUT_RETURN_TYPE = YES_ERROR;
				GCC_WARN_UNDECLARED_SELECTOR = YES;
				GCC_WARN_UNINITIALIZED_AUTOS = YES_AGGRESSIVE;
				GCC_WARN_UNUSED_FUNCTION = YES;
				GCC_WARN_UNUSED_VARIABLE = YES;
				MACOSX_DEPLOYMENT_TARGET = 10.11;
				MTL_ENABLE_DEBUG_INFO = YES;
				ONLY_ACTIVE_ARCH = YES;
				SDKROOT = macosx;
			};
			name = Debug;
		};
		653288361EAAA78B00E63A8A /* Release */ = {
			isa = XCBuildConfiguration;
			buildSettings = {
				ALWAYS_SEARCH_USER_PATHS = NO;
				CLANG_ANALYZER_NONNULL = YES;
				CLANG_ANALYZER_NUMBER_OBJECT_CONVERSION = YES_AGGRESSIVE;
				CLANG_CXX_LANGUAGE_STANDARD = "gnu++0x";
				CLANG_CXX_LIBRARY = "libc++";
				CLANG_ENABLE_MODULES = YES;
				CLANG_ENABLE_OBJC_ARC = YES;
				CLANG_WARN_BOOL_CONVERSION = YES;
				CLANG_WARN_CONSTANT_CONVERSION = YES;
				CLANG_WARN_DIRECT_OBJC_ISA_USAGE = YES_ERROR;
				CLANG_WARN_DOCUMENTATION_COMMENTS = YES;
				CLANG_WARN_EMPTY_BODY = YES;
				CLANG_WARN_ENUM_CONVERSION = YES;
				CLANG_WARN_INFINITE_RECURSION = YES;
				CLANG_WARN_INT_CONVERSION = YES;
				CLANG_WARN_OBJC_ROOT_CLASS = YES_ERROR;
				CLANG_WARN_SUSPICIOUS_MOVE = YES;
				CLANG_WARN_UNREACHABLE_CODE = YES;
				CLANG_WARN__DUPLICATE_METHOD_MATCH = YES;
				CODE_SIGN_IDENTITY = "-";
				COPY_PHASE_STRIP = NO;
				DEBUG_INFORMATION_FORMAT = "dwarf-with-dsym";
				ENABLE_NS_ASSERTIONS = NO;
				ENABLE_STRICT_OBJC_MSGSEND = YES;
				GCC_C_LANGUAGE_STANDARD = gnu99;
				GCC_NO_COMMON_BLOCKS = YES;
				GCC_WARN_64_TO_32_BIT_CONVERSION = YES;
				GCC_WARN_ABOUT_RETURN_TYPE = YES_ERROR;
				GCC_WARN_UNDECLARED_SELECTOR = YES;
				GCC_WARN_UNINITIALIZED_AUTOS = YES_AGGRESSIVE;
				GCC_WARN_UNUSED_FUNCTION = YES;
				GCC_WARN_UNUSED_VARIABLE = YES;
				MACOSX_DEPLOYMENT_TARGET = 10.11;
				MTL_ENABLE_DEBUG_INFO = NO;
				SDKROOT = macosx;
			};
			name = Release;
		};
		653288381EAAA78B00E63A8A /* Debug */ = {
			isa = XCBuildConfiguration;
			buildSettings = {
				CLANG_ENABLE_OBJC_ARC = NO;
				PRODUCT_NAME = "$(TARGET_NAME)";
			};
			name = Debug;
		};
		653288391EAAA78B00E63A8A /* Release */ = {
			isa = XCBuildConfiguration;
			buildSettings = {
				CLANG_ENABLE_OBJC_ARC = NO;
				PRODUCT_NAME = "$(TARGET_NAME)";
			};
			name = Release;
		};
/* End XCBuildConfiguration section */

/* Begin XCConfigurationList section */
		6532882B1EAAA78B00E63A8A /* Build configuration list for PBXProject "Creature1" */ = {
			isa = XCConfigurationList;
			buildConfigurations = (
				653288351EAAA78B00E63A8A /* Debug */,
				653288361EAAA78B00E63A8A /* Release */,
			);
			defaultConfigurationIsVisible = 0;
			defaultConfigurationName = Release;
		};
		653288371EAAA78B00E63A8A /* Build configuration list for PBXNativeTarget "Creature1" */ = {
			isa = XCConfigurationList;
			buildConfigurations = (
				653288381EAAA78B00E63A8A /* Debug */,
				653288391EAAA78B00E63A8A /* Release */,
			);
			defaultConfigurationIsVisible = 0;
			defaultConfigurationName = Release;
		};
/* End XCConfigurationList section */
	};
	rootObject = 653288281EAAA78B00E63A8A /* Project object */;
}
