// !$*UTF8*$!
{
	archiveVersion = 1;
	classes = {
	};
	objectVersion = 46;
	objects = {

/* Begin PBXBuildFile section */
		6504E4271EB136900088DAB7 /* NSNumber+ICGenerateRandomNumber.m in Sources */ = {isa = PBXBuildFile; fileRef = 6504E41B1EB136900088DAB7 /* NSNumber+ICGenerateRandomNumber.m */; };
		6504E4281EB136900088DAB7 /* NSObject+ICInitObject.m in Sources */ = {isa = PBXBuildFile; fileRef = 6504E41D1EB136900088DAB7 /* NSObject+ICInitObject.m */; };
		6504E4291EB136900088DAB7 /* NSString+ICGenerateRandomString.m in Sources */ = {isa = PBXBuildFile; fileRef = 6504E41F1EB136900088DAB7 /* NSString+ICGenerateRandomString.m */; };
		6504E42A1EB136900088DAB7 /* ICCreature.m in Sources */ = {isa = PBXBuildFile; fileRef = 6504E4211EB136900088DAB7 /* ICCreature.m */; };
		6504E42B1EB136900088DAB7 /* ICFemaleCreature.m in Sources */ = {isa = PBXBuildFile; fileRef = 6504E4241EB136900088DAB7 /* ICFemaleCreature.m */; };
		6504E42C1EB136900088DAB7 /* ICMaleCreature.m in Sources */ = {isa = PBXBuildFile; fileRef = 6504E4261EB136900088DAB7 /* ICMaleCreature.m */; };
		653288341EAAA78B00E63A8A /* main.m in Sources */ = {isa = PBXBuildFile; fileRef = 653288331EAAA78B00E63A8A /* main.m */; };
/* End PBXBuildFile section */

/* Begin PBXCopyFilesBuildPhase section */
		6532882E1EAAA78B00E63A8A /* CopyFiles */ = {
			isa = PBXCopyFilesBuildPhase;
			buildActionMask = 2147483647;
			dstPath = /usr/share/man/man1/;
			dstSubfolderSpec = 0;
			files = (
			);
			runOnlyForDeploymentPostprocessing = 1;
		};
/* End PBXCopyFilesBuildPhase section */

/* Begin PBXFileReference section */
		6504E41A1EB136900088DAB7 /* NSNumber+ICGenerateRandomNumber.h */ = {isa = PBXFileReference; fileEncoding = 4; lastKnownFileType = sourcecode.c.h; path = "NSNumber+ICGenerateRandomNumber.h"; sourceTree = "<group>"; };
		6504E41B1EB136900088DAB7 /* NSNumber+ICGenerateRandomNumber.m */ = {isa = PBXFileReference; fileEncoding = 4; lastKnownFileType = sourcecode.c.objc; path = "NSNumber+ICGenerateRandomNumber.m"; sourceTree = "<group>"; };
		6504E41C1EB136900088DAB7 /* NSObject+ICInitObject.h */ = {isa = PBXFileReference; fileEncoding = 4; lastKnownFileType = sourcecode.c.h; path = "NSObject+ICInitObject.h"; sourceTree = "<group>"; };
		6504E41D1EB136900088DAB7 /* NSObject+ICInitObject.m */ = {isa = PBXFileReference; fileEncoding = 4; lastKnownFileType = sourcecode.c.objc; path = "NSObject+ICInitObject.m"; sourceTree = "<group>"; };
		6504E41E1EB136900088DAB7 /* NSString+ICGenerateRandomString.h */ = {isa = PBXFileReference; fileEncoding = 4; lastKnownFileType = sourcecode.c.h; path = "NSString+ICGenerateRandomString.h"; sourceTree = "<group>"; };
		6504E41F1EB136900088DAB7 /* NSString+ICGenerateRandomString.m */ = {isa = PBXFileReference; fileEncoding = 4; lastKnownFileType = sourcecode.c.objc; path = "NSString+ICGenerateRandomString.m"; sourceTree = "<group>"; };
		6504E4201EB136900088DAB7 /* ICCreature.h */ = {isa = PBXFileReference; fileEncoding = 4; lastKnownFileType = sourcecode.c.h; path = ICCreature.h; sourceTree = "<group>"; };
		6504E4211EB136900088DAB7 /* ICCreature.m */ = {isa = PBXFileReference; fileEncoding = 4; lastKnownFileType = sourcecode.c.objc; path = ICCreature.m; sourceTree = "<group>"; };
		6504E4231EB136900088DAB7 /* ICFemaleCreature.h */ = {isa = PBXFileReference; fileEncoding = 4; lastKnownFileType = sourcecode.c.h; path = ICFemaleCreature.h; sourceTree = "<group>"; };
		6504E4241EB136900088DAB7 /* ICFemaleCreature.m */ = {isa = PBXFileReference; fileEncoding = 4; lastKnownFileType = sourcecode.c.objc; path = ICFemaleCreature.m; sourceTree = "<group>"; };
		6504E4251EB136900088DAB7 /* ICMaleCreature.h */ = {isa = PBXFileReference; fileEncoding = 4; lastKnownFileType = sourcecode.c.h; path = ICMaleCreature.h; sourceTree = "<group>"; };
		6504E4261EB136900088DAB7 /* ICMaleCreature.m */ = {isa = PBXFileReference; fileEncoding = 4; lastKnownFileType = sourcecode.c.objc; path = ICMaleCreature.m; sourceTree = "<group>"; };
		653288301EAAA78B00E63A8A /* Creature1 */ = {isa = PBXFileReference; explicitFileType = "compiled.mach-o.executable"; includeInIndex = 0; path = Creature1; sourceTree = BUILT_PRODUCTS_DIR; };
		653288331EAAA78B00E63A8A /* main.m */ = {isa = PBXFileReference; lastKnownFileType = sourcecode.c.objc; path = main.m; sourceTree = "<group>"; };
/* End PBXFileReference section */

/* Begin PBXFrameworksBuildPhase section */
		6532882D1EAAA78B00E63A8A /* Frameworks */ = {
			isa = PBXFrameworksBuildPhase;
			buildActionMask = 2147483647;
			files = (
			);
			runOnlyForDeploymentPostprocessing = 0;
		};
/* End PBXFrameworksBuildPhase section */

/* Begin PBXGroup section */
		6504E4181EB136900088DAB7 /* Task2 */ = {
			isa = PBXGroup;
			children = (
				6504E4191EB136900088DAB7 /* Category */,
				6504E4201EB136900088DAB7 /* ICCreature.h */,
				6504E4211EB136900088DAB7 /* ICCreature.m */,
				6504E4221EB136900088DAB7 /* Subclasses */,
			);
			path = Task2;
			sourceTree = "<group>";
		};
		6504E4191EB136900088DAB7 /* Category */ = {
			isa = PBXGroup;
			children = (
				6504E41A1EB136900088DAB7 /* NSNumber+ICGenerateRandomNumber.h */,
				6504E41B1EB136900088DAB7 /* NSNumber+ICGenerateRandomNumber.m */,
				6504E41C1EB136900088DAB7 /* NSObject+ICInitObject.h */,
				6504E41D1EB136900088DAB7 /* NSObject+ICInitObject.m */,
				6504E41E1EB136900088DAB7 /* NSString+ICGenerateRandomString.h */,
				6504E41F1EB136900088DAB7 /* NSString+ICGenerateRandomString.m */,
			);
			path = Category;
			sourceTree = "<group>";
		};
		6504E4221EB136900088DAB7 /* Subclasses */ = {
			isa = PBXGroup;
			children = (
				6504E4231EB136900088DAB7 /* ICFemaleCreature.h */,
				6504E4241EB136900088DAB7 /* ICFemaleCreature.m */,
				6504E4251EB136900088DAB7 /* ICMaleCreature.h */,
				6504E4261EB136900088DAB7 /* ICMaleCreature.m */,
			);
			path = Subclasses;
			sourceTree = "<group>";
		};
		653288271EAAA78B00E63A8A = {
			isa = PBXGroup;
			children = (
				653288321EAAA78B00E63A8A /* Creature1 */,
				653288311EAAA78B00E63A8A /* Products */,
			);
			sourceTree = "<group>";
		};
		653288311EAAA78B00E63A8A /* Products */ = {
			isa = PBXGroup;
			children = (
				653288301EAAA78B00E63A8A /* Creature1 */,
			);
			name = Products;
			sourceTree = "<group>";
		};
		653288321EAAA78B00E63A8A /* Creature1 */ = {
			isa = PBXGroup;
			children = (
				6504E4181EB136900088DAB7 /* Task2 */,
				653288331EAAA78B00E63A8A /* main.m */,
			);
			path = Creature1;
			sourceTree = "<group>";
		};
/* End PBXGroup section */

/* Begin PBXNativeTarget section */
		6532882F1EAAA78B00E63A8A /* Creature1 */ = {
			isa = PBXNativeTarget;
			buildConfigurationList = 653288371EAAA78B00E63A8A /* Build configuration list for PBXNativeTarget "Creature1" */;
			buildPhases = (
				6532882C1EAAA78B00E63A8A /* Sources */,
				6532882D1EAAA78B00E63A8A /* Frameworks */,
				6532882E1EAAA78B00E63A8A /* CopyFiles */,
			);
			buildRules = (
			);
			dependencies = (
			);
			name = Creature1;
			productName = Creature1;
			productReference = 653288301EAAA78B00E63A8A /* Creature1 */;
			productType = "com.apple.product-type.tool";
		};
/* End PBXNativeTarget section */

/* Begin PBXProject section */
		653288281EAAA78B00E63A8A /* Project object */ = {
			isa = PBXProject;
			attributes = {
				LastUpgradeCheck = 0830;
				ORGANIZATIONNAME = "Anna P.";
				TargetAttributes = {
					6532882F1EAAA78B00E63A8A = {
						CreatedOnToolsVersion = 8.3.1;
						ProvisioningStyle = Automatic;
					};
				};
			};
			buildConfigurationList = 6532882B1EAAA78B00E63A8A /* Build configuration list for PBXProject "Creature1" */;
			compatibilityVersion = "Xcode 3.2";
			developmentRegion = English;
			hasScannedForEncodings = 0;
			knownRegions = (
				en,
			);
			mainGroup = 653288271EAAA78B00E63A8A;
			productRefGroup = 653288311EAAA78B00E63A8A /* Products */;
			projectDirPath = "";
			projectRoot = "";
			targets = (
				6532882F1EAAA78B00E63A8A /* Creature1 */,
			);
		};
/* End PBXProject section */

/* Begin PBXSourcesBuildPhase section */
		6532882C1EAAA78B00E63A8A /* Sources */ = {
			isa = PBXSourcesBuildPhase;
			buildActionMask = 2147483647;
			files = (
				6504E42C1EB136900088DAB7 /* ICMaleCreature.m in Sources */,
				653288341EAAA78B00E63A8A /* main.m in Sources */,
				6504E4291EB136900088DAB7 /* NSString+ICGenerateRandomString.m in Sources */,
				6504E4281EB136900088DAB7 /* NSObject+ICInitObject.m in Sources */,
				6504E42A1EB136900088DAB7 /* ICCreature.m in Sources */,
				6504E4271EB136900088DAB7 /* NSNumber+ICGenerateRandomNumber.m in Sources */,
				6504E42B1EB136900088DAB7 /* ICFemaleCreature.m in Sources */,
			);
			runOnlyForDeploymentPostprocessing = 0;
		};
/* End PBXSourcesBuildPhase section */

/* Begin XCBuildConfiguration section */
		653288351EAAA78B00E63A8A /* Debug */ = {
			isa = XCBuildConfiguration;
			buildSettings = {
				ALWAYS_SEARCH_USER_PATHS = NO;
				CLANG_ANALYZER_NONNULL = YES;
				CLANG_ANALYZER_NUMBER_OBJECT_CONVERSION = YES_AGGRESSIVE;
				CLANG_CXX_LANGUAGE_STANDARD = "gnu++0x";
				CLANG_CXX_LIBRARY = "libc++";
				CLANG_ENABLE_MODULES = YES;
				CLANG_ENABLE_OBJC_ARC = YES;
				CLANG_WARN_BOOL_CONVERSION = YES;
				CLANG_WARN_CONSTANT_CONVERSION = YES;
				CLANG_WARN_DIRECT_OBJC_ISA_USAGE = YES_ERROR;
				CLANG_WARN_DOCUMENTATION_COMMENTS = YES;
				CLANG_WARN_EMPTY_BODY = YES;
				CLANG_WARN_ENUM_CONVERSION = YES;
				CLANG_WARN_INFINITE_RECURSION = YES;
				CLANG_WARN_INT_CONVERSION = YES;
				CLANG_WARN_OBJC_ROOT_CLASS = YES_ERROR;
				CLANG_WARN_SUSPICIOUS_MOVE = YES;
				CLANG_WARN_UNREACHABLE_CODE = YES;
				CLANG_WARN__DUPLICATE_METHOD_MATCH = YES;
				CODE_SIGN_IDENTITY = "-";
				COPY_PHASE_STRIP = NO;
				DEBUG_INFORMATION_FORMAT = dwarf;
				ENABLE_STRICT_OBJC_MSGSEND = YES;
				ENABLE_TESTABILITY = YES;
				GCC_C_LANGUAGE_STANDARD = gnu99;
				GCC_DYNAMIC_NO_PIC = NO;
				GCC_NO_COMMON_BLOCKS = YES;
				GCC_OPTIMIZATION_LEVEL = 0;
				GCC_PREPROCESSOR_DEFINITIONS = (
					"DEBUG=1",
					"$(inherited)",
				);
				GCC_WARN_64_TO_32_BIT_CONVERSION = YES;
				GCC_WARN_ABOUT_RETURN_TYPE = YES_ERROR;
				GCC_WARN_UNDECLARED_SELECTOR = YES;
				GCC_WARN_UNINITIALIZED_AUTOS = YES_AGGRESSIVE;
				GCC_WARN_UNUSED_FUNCTION = YES;
				GCC_WARN_UNUSED_VARIABLE = YES;
				MACOSX_DEPLOYMENT_TARGET = 10.12;
				MTL_ENABLE_DEBUG_INFO = YES;
				ONLY_ACTIVE_ARCH = YES;
				SDKROOT = macosx;
			};
			name = Debug;
		};
		653288361EAAA78B00E63A8A /* Release */ = {
			isa = XCBuildConfiguration;
			buildSettings = {
				ALWAYS_SEARCH_USER_PATHS = NO;
				CLANG_ANALYZER_NONNULL = YES;
				CLANG_ANALYZER_NUMBER_OBJECT_CONVERSION = YES_AGGRESSIVE;
				CLANG_CXX_LANGUAGE_STANDARD = "gnu++0x";
				CLANG_CXX_LIBRARY = "libc++";
				CLANG_ENABLE_MODULES = YES;
				CLANG_ENABLE_OBJC_ARC = YES;
				CLANG_WARN_BOOL_CONVERSION = YES;
				CLANG_WARN_CONSTANT_CONVERSION = YES;
				CLANG_WARN_DIRECT_OBJC_ISA_USAGE = YES_ERROR;
				CLANG_WARN_DOCUMENTATION_COMMENTS = YES;
				CLANG_WARN_EMPTY_BODY = YES;
				CLANG_WARN_ENUM_CONVERSION = YES;
				CLANG_WARN_INFINITE_RECURSION = YES;
				CLANG_WARN_INT_CONVERSION = YES;
				CLANG_WARN_OBJC_ROOT_CLASS = YES_ERROR;
				CLANG_WARN_SUSPICIOUS_MOVE = YES;
				CLANG_WARN_UNREACHABLE_CODE = YES;
				CLANG_WARN__DUPLICATE_METHOD_MATCH = YES;
				CODE_SIGN_IDENTITY = "-";
				COPY_PHASE_STRIP = NO;
				DEBUG_INFORMATION_FORMAT = "dwarf-with-dsym";
				ENABLE_NS_ASSERTIONS = NO;
				ENABLE_STRICT_OBJC_MSGSEND = YES;
				GCC_C_LANGUAGE_STANDARD = gnu99;
				GCC_NO_COMMON_BLOCKS = YES;
				GCC_WARN_64_TO_32_BIT_CONVERSION = YES;
				GCC_WARN_ABOUT_RETURN_TYPE = YES_ERROR;
				GCC_WARN_UNDECLARED_SELECTOR = YES;
				GCC_WARN_UNINITIALIZED_AUTOS = YES_AGGRESSIVE;
				GCC_WARN_UNUSED_FUNCTION = YES;
				GCC_WARN_UNUSED_VARIABLE = YES;
				MACOSX_DEPLOYMENT_TARGET = 10.12;
				MTL_ENABLE_DEBUG_INFO = NO;
				SDKROOT = macosx;
			};
			name = Release;
		};
		653288381EAAA78B00E63A8A /* Debug */ = {
			isa = XCBuildConfiguration;
			buildSettings = {
				CLANG_ENABLE_OBJC_ARC = NO;
				PRODUCT_NAME = "$(TARGET_NAME)";
			};
			name = Debug;
		};
		653288391EAAA78B00E63A8A /* Release */ = {
			isa = XCBuildConfiguration;
			buildSettings = {
				CLANG_ENABLE_OBJC_ARC = NO;
				PRODUCT_NAME = "$(TARGET_NAME)";
			};
			name = Release;
		};
/* End XCBuildConfiguration section */

/* Begin XCConfigurationList section */
		6532882B1EAAA78B00E63A8A /* Build configuration list for PBXProject "Creature1" */ = {
			isa = XCConfigurationList;
			buildConfigurations = (
				653288351EAAA78B00E63A8A /* Debug */,
				653288361EAAA78B00E63A8A /* Release */,
			);
			defaultConfigurationIsVisible = 0;
			defaultConfigurationName = Release;
		};
		653288371EAAA78B00E63A8A /* Build configuration list for PBXNativeTarget "Creature1" */ = {
			isa = XCConfigurationList;
			buildConfigurations = (
				653288381EAAA78B00E63A8A /* Debug */,
				653288391EAAA78B00E63A8A /* Release */,
			);
			defaultConfigurationIsVisible = 0;
			defaultConfigurationName = Release;
		};
/* End XCConfigurationList section */
	};
	rootObject = 653288281EAAA78B00E63A8A /* Project object */;
}
