// !$*UTF8*$!
{
	archiveVersion = 1;
	classes = {
	};
	objectVersion = 46;
	objects = {

/* Begin PBXBuildFile section */
		654E13DB1EC9FC6500930D2A /* ICRoom.m in Sources */ = {isa = PBXBuildFile; fileRef = 654E13DA1EC9FC6500930D2A /* ICRoom.m */; };
		D724174F1EBDBC2D002F82C7 /* main.m in Sources */ = {isa = PBXBuildFile; fileRef = D724172B1EBDBC2D002F82C7 /* main.m */; };
		D72417501EBDBC2D002F82C7 /* NSArray+ICExtensions.m in Sources */ = {isa = PBXBuildFile; fileRef = D724172F1EBDBC2D002F82C7 /* NSArray+ICExtensions.m */; };
		D72417511EBDBC2D002F82C7 /* NSObject+ICExtensions.m in Sources */ = {isa = PBXBuildFile; fileRef = D72417311EBDBC2D002F82C7 /* NSObject+ICExtensions.m */; };
		D72417521EBDBC2D002F82C7 /* NSObject+ICInitObject.m in Sources */ = {isa = PBXBuildFile; fileRef = D72417331EBDBC2D002F82C7 /* NSObject+ICInitObject.m */; };
		D72417531EBDBC2D002F82C7 /* NSString+ICGenerateRandomString.m in Sources */ = {isa = PBXBuildFile; fileRef = D72417351EBDBC2D002F82C7 /* NSString+ICGenerateRandomString.m */; };
		D72417541EBDBC2D002F82C7 /* ICCreature.m in Sources */ = {isa = PBXBuildFile; fileRef = D72417371EBDBC2D002F82C7 /* ICCreature.m */; };
		D72417551EBDBC2D002F82C7 /* ICRandomInRange.m in Sources */ = {isa = PBXBuildFile; fileRef = D72417391EBDBC2D002F82C7 /* ICRandomInRange.m */; };
		D72417561EBDBC2D002F82C7 /* ICFemaleCreature.m in Sources */ = {isa = PBXBuildFile; fileRef = D724173C1EBDBC2D002F82C7 /* ICFemaleCreature.m */; };
		D72417571EBDBC2D002F82C7 /* ICMaleCreature.m in Sources */ = {isa = PBXBuildFile; fileRef = D724173E1EBDBC2D002F82C7 /* ICMaleCreature.m */; };
		D72417581EBDBC2D002F82C7 /* ICAccountant.m in Sources */ = {isa = PBXBuildFile; fileRef = D72417411EBDBC2D002F82C7 /* ICAccountant.m */; };
		D72417591EBDBC2D002F82C7 /* ICBuilding.m in Sources */ = {isa = PBXBuildFile; fileRef = D72417431EBDBC2D002F82C7 /* ICBuilding.m */; };
		D724175A1EBDBC2D002F82C7 /* ICCar.m in Sources */ = {isa = PBXBuildFile; fileRef = D72417451EBDBC2D002F82C7 /* ICCar.m */; };
		D724175B1EBDBC2D002F82C7 /* ICCarWash.m in Sources */ = {isa = PBXBuildFile; fileRef = D72417471EBDBC2D002F82C7 /* ICCarWash.m */; };
		D724175C1EBDBC2D002F82C7 /* ICDirector.m in Sources */ = {isa = PBXBuildFile; fileRef = D72417491EBDBC2D002F82C7 /* ICDirector.m */; };
		D724175D1EBDBC2D002F82C7 /* ICEmployee.m in Sources */ = {isa = PBXBuildFile; fileRef = D724174B1EBDBC2D002F82C7 /* ICEmployee.m */; };
		D724175E1EBDBC2D002F82C7 /* ICWasher.m in Sources */ = {isa = PBXBuildFile; fileRef = D724174E1EBDBC2D002F82C7 /* ICWasher.m */; };
/* End PBXBuildFile section */

/* Begin PBXCopyFilesBuildPhase section */
		6532882E1EAAA78B00E63A8A /* CopyFiles */ = {
			isa = PBXCopyFilesBuildPhase;
			buildActionMask = 2147483647;
			dstPath = /usr/share/man/man1/;
			dstSubfolderSpec = 0;
			files = (
			);
			runOnlyForDeploymentPostprocessing = 1;
		};
/* End PBXCopyFilesBuildPhase section */

/* Begin PBXFileReference section */
		653288301EAAA78B00E63A8A /* Creature1 */ = {isa = PBXFileReference; explicitFileType = "compiled.mach-o.executable"; includeInIndex = 0; path = Creature1; sourceTree = BUILT_PRODUCTS_DIR; };
		654E13D91EC9FC6500930D2A /* ICRoom.h */ = {isa = PBXFileReference; fileEncoding = 4; lastKnownFileType = sourcecode.c.h; path = ICRoom.h; sourceTree = "<group>"; };
		654E13DA1EC9FC6500930D2A /* ICRoom.m */ = {isa = PBXFileReference; fileEncoding = 4; lastKnownFileType = sourcecode.c.objc; path = ICRoom.m; sourceTree = "<group>"; };
		654E13DC1ECFB15100930D2A /* ICLocation.h */ = {isa = PBXFileReference; fileEncoding = 4; lastKnownFileType = sourcecode.c.h; path = ICLocation.h; sourceTree = "<group>"; };
		D724172B1EBDBC2D002F82C7 /* main.m */ = {isa = PBXFileReference; fileEncoding = 4; lastKnownFileType = sourcecode.c.objc; path = main.m; sourceTree = "<group>"; };
		D724172E1EBDBC2D002F82C7 /* NSArray+ICExtensions.h */ = {isa = PBXFileReference; fileEncoding = 4; lastKnownFileType = sourcecode.c.h; path = "NSArray+ICExtensions.h"; sourceTree = "<group>"; };
		D724172F1EBDBC2D002F82C7 /* NSArray+ICExtensions.m */ = {isa = PBXFileReference; fileEncoding = 4; lastKnownFileType = sourcecode.c.objc; path = "NSArray+ICExtensions.m"; sourceTree = "<group>"; };
		D72417301EBDBC2D002F82C7 /* NSObject+ICExtensions.h */ = {isa = PBXFileReference; fileEncoding = 4; lastKnownFileType = sourcecode.c.h; path = "NSObject+ICExtensions.h"; sourceTree = "<group>"; };
		D72417311EBDBC2D002F82C7 /* NSObject+ICExtensions.m */ = {isa = PBXFileReference; fileEncoding = 4; lastKnownFileType = sourcecode.c.objc; path = "NSObject+ICExtensions.m"; sourceTree = "<group>"; };
		D72417321EBDBC2D002F82C7 /* NSObject+ICInitObject.h */ = {isa = PBXFileReference; fileEncoding = 4; lastKnownFileType = sourcecode.c.h; path = "NSObject+ICInitObject.h"; sourceTree = "<group>"; };
		D72417331EBDBC2D002F82C7 /* NSObject+ICInitObject.m */ = {isa = PBXFileReference; fileEncoding = 4; lastKnownFileType = sourcecode.c.objc; path = "NSObject+ICInitObject.m"; sourceTree = "<group>"; };
		D72417341EBDBC2D002F82C7 /* NSString+ICGenerateRandomString.h */ = {isa = PBXFileReference; fileEncoding = 4; lastKnownFileType = sourcecode.c.h; path = "NSString+ICGenerateRandomString.h"; sourceTree = "<group>"; };
		D72417351EBDBC2D002F82C7 /* NSString+ICGenerateRandomString.m */ = {isa = PBXFileReference; fileEncoding = 4; lastKnownFileType = sourcecode.c.objc; path = "NSString+ICGenerateRandomString.m"; sourceTree = "<group>"; };
		D72417361EBDBC2D002F82C7 /* ICCreature.h */ = {isa = PBXFileReference; fileEncoding = 4; lastKnownFileType = sourcecode.c.h; path = ICCreature.h; sourceTree = "<group>"; };
		D72417371EBDBC2D002F82C7 /* ICCreature.m */ = {isa = PBXFileReference; fileEncoding = 4; lastKnownFileType = sourcecode.c.objc; path = ICCreature.m; sourceTree = "<group>"; };
		D72417381EBDBC2D002F82C7 /* ICRandomInRange.h */ = {isa = PBXFileReference; fileEncoding = 4; lastKnownFileType = sourcecode.c.h; path = ICRandomInRange.h; sourceTree = "<group>"; };
		D72417391EBDBC2D002F82C7 /* ICRandomInRange.m */ = {isa = PBXFileReference; fileEncoding = 4; lastKnownFileType = sourcecode.c.objc; path = ICRandomInRange.m; sourceTree = "<group>"; };
		D724173B1EBDBC2D002F82C7 /* ICFemaleCreature.h */ = {isa = PBXFileReference; fileEncoding = 4; lastKnownFileType = sourcecode.c.h; path = ICFemaleCreature.h; sourceTree = "<group>"; };
		D724173C1EBDBC2D002F82C7 /* ICFemaleCreature.m */ = {isa = PBXFileReference; fileEncoding = 4; lastKnownFileType = sourcecode.c.objc; path = ICFemaleCreature.m; sourceTree = "<group>"; };
		D724173D1EBDBC2D002F82C7 /* ICMaleCreature.h */ = {isa = PBXFileReference; fileEncoding = 4; lastKnownFileType = sourcecode.c.h; path = ICMaleCreature.h; sourceTree = "<group>"; };
		D724173E1EBDBC2D002F82C7 /* ICMaleCreature.m */ = {isa = PBXFileReference; fileEncoding = 4; lastKnownFileType = sourcecode.c.objc; path = ICMaleCreature.m; sourceTree = "<group>"; };
		D72417401EBDBC2D002F82C7 /* ICAccountant.h */ = {isa = PBXFileReference; fileEncoding = 4; lastKnownFileType = sourcecode.c.h; path = ICAccountant.h; sourceTree = "<group>"; };
		D72417411EBDBC2D002F82C7 /* ICAccountant.m */ = {isa = PBXFileReference; fileEncoding = 4; lastKnownFileType = sourcecode.c.objc; path = ICAccountant.m; sourceTree = "<group>"; };
		D72417421EBDBC2D002F82C7 /* ICBuilding.h */ = {isa = PBXFileReference; fileEncoding = 4; lastKnownFileType = sourcecode.c.h; path = ICBuilding.h; sourceTree = "<group>"; };
		D72417431EBDBC2D002F82C7 /* ICBuilding.m */ = {isa = PBXFileReference; fileEncoding = 4; lastKnownFileType = sourcecode.c.objc; path = ICBuilding.m; sourceTree = "<group>"; };
		D72417441EBDBC2D002F82C7 /* ICCar.h */ = {isa = PBXFileReference; fileEncoding = 4; lastKnownFileType = sourcecode.c.h; path = ICCar.h; sourceTree = "<group>"; };
		D72417451EBDBC2D002F82C7 /* ICCar.m */ = {isa = PBXFileReference; fileEncoding = 4; lastKnownFileType = sourcecode.c.objc; path = ICCar.m; sourceTree = "<group>"; };
		D72417461EBDBC2D002F82C7 /* ICCarWash.h */ = {isa = PBXFileReference; fileEncoding = 4; lastKnownFileType = sourcecode.c.h; path = ICCarWash.h; sourceTree = "<group>"; };
		D72417471EBDBC2D002F82C7 /* ICCarWash.m */ = {isa = PBXFileReference; fileEncoding = 4; lastKnownFileType = sourcecode.c.objc; path = ICCarWash.m; sourceTree = "<group>"; };
		D72417481EBDBC2D002F82C7 /* ICDirector.h */ = {isa = PBXFileReference; fileEncoding = 4; lastKnownFileType = sourcecode.c.h; path = ICDirector.h; sourceTree = "<group>"; };
		D72417491EBDBC2D002F82C7 /* ICDirector.m */ = {isa = PBXFileReference; fileEncoding = 4; lastKnownFileType = sourcecode.c.objc; path = ICDirector.m; sourceTree = "<group>"; };
		D724174A1EBDBC2D002F82C7 /* ICEmployee.h */ = {isa = PBXFileReference; fileEncoding = 4; lastKnownFileType = sourcecode.c.h; path = ICEmployee.h; sourceTree = "<group>"; };
		D724174B1EBDBC2D002F82C7 /* ICEmployee.m */ = {isa = PBXFileReference; fileEncoding = 4; lastKnownFileType = sourcecode.c.objc; path = ICEmployee.m; sourceTree = "<group>"; };
		D724174C1EBDBC2D002F82C7 /* ICFinancialFlow.h */ = {isa = PBXFileReference; fileEncoding = 4; lastKnownFileType = sourcecode.c.h; path = ICFinancialFlow.h; sourceTree = "<group>"; };
		D724174D1EBDBC2D002F82C7 /* ICWasher.h */ = {isa = PBXFileReference; fileEncoding = 4; lastKnownFileType = sourcecode.c.h; path = ICWasher.h; sourceTree = "<group>"; };
		D724174E1EBDBC2D002F82C7 /* ICWasher.m */ = {isa = PBXFileReference; fileEncoding = 4; lastKnownFileType = sourcecode.c.objc; path = ICWasher.m; sourceTree = "<group>"; };
/* End PBXFileReference section */

/* Begin PBXFrameworksBuildPhase section */
		6532882D1EAAA78B00E63A8A /* Frameworks */ = {
			isa = PBXFrameworksBuildPhase;
			buildActionMask = 2147483647;
			files = (
			);
			runOnlyForDeploymentPostprocessing = 0;
		};
/* End PBXFrameworksBuildPhase section */

/* Begin PBXGroup section */
		653288271EAAA78B00E63A8A = {
			isa = PBXGroup;
			children = (
				D724172A1EBDBC2D002F82C7 /* Creature1 */,
				653288311EAAA78B00E63A8A /* Products */,
			);
			sourceTree = "<group>";
		};
		653288311EAAA78B00E63A8A /* Products */ = {
			isa = PBXGroup;
			children = (
				653288301EAAA78B00E63A8A /* Creature1 */,
			);
			name = Products;
			sourceTree = "<group>";
		};
		D724172A1EBDBC2D002F82C7 /* Creature1 */ = {
			isa = PBXGroup;
			children = (
				D724172B1EBDBC2D002F82C7 /* main.m */,
				D724172C1EBDBC2D002F82C7 /* Task2 */,
				D724173F1EBDBC2D002F82C7 /* Task3 */,
			);
			path = Creature1;
			sourceTree = "<group>";
		};
		D724172C1EBDBC2D002F82C7 /* Task2 */ = {
			isa = PBXGroup;
			children = (
				D724172D1EBDBC2D002F82C7 /* Category */,
				D72417361EBDBC2D002F82C7 /* ICCreature.h */,
				D72417371EBDBC2D002F82C7 /* ICCreature.m */,
				D72417381EBDBC2D002F82C7 /* ICRandomInRange.h */,
				D72417391EBDBC2D002F82C7 /* ICRandomInRange.m */,
				D724173A1EBDBC2D002F82C7 /* Subclasses */,
			);
			path = Task2;
			sourceTree = "<group>";
		};
		D724172D1EBDBC2D002F82C7 /* Category */ = {
			isa = PBXGroup;
			children = (
				D724172E1EBDBC2D002F82C7 /* NSArray+ICExtensions.h */,
				D724172F1EBDBC2D002F82C7 /* NSArray+ICExtensions.m */,
				D72417301EBDBC2D002F82C7 /* NSObject+ICExtensions.h */,
				D72417311EBDBC2D002F82C7 /* NSObject+ICExtensions.m */,
				D72417321EBDBC2D002F82C7 /* NSObject+ICInitObject.h */,
				D72417331EBDBC2D002F82C7 /* NSObject+ICInitObject.m */,
				D72417341EBDBC2D002F82C7 /* NSString+ICGenerateRandomString.h */,
				D72417351EBDBC2D002F82C7 /* NSString+ICGenerateRandomString.m */,
			);
			path = Category;
			sourceTree = "<group>";
		};
		D724173A1EBDBC2D002F82C7 /* Subclasses */ = {
			isa = PBXGroup;
			children = (
				D724173B1EBDBC2D002F82C7 /* ICFemaleCreature.h */,
				D724173C1EBDBC2D002F82C7 /* ICFemaleCreature.m */,
				D724173D1EBDBC2D002F82C7 /* ICMaleCreature.h */,
				D724173E1EBDBC2D002F82C7 /* ICMaleCreature.m */,
			);
			path = Subclasses;
			sourceTree = "<group>";
		};
		D724173F1EBDBC2D002F82C7 /* Task3 */ = {
			isa = PBXGroup;
			children = (
				D72417401EBDBC2D002F82C7 /* ICAccountant.h */,
				D72417411EBDBC2D002F82C7 /* ICAccountant.m */,
				D72417421EBDBC2D002F82C7 /* ICBuilding.h */,
				D72417431EBDBC2D002F82C7 /* ICBuilding.m */,
				D72417441EBDBC2D002F82C7 /* ICCar.h */,
				D72417451EBDBC2D002F82C7 /* ICCar.m */,
				D72417461EBDBC2D002F82C7 /* ICCarWash.h */,
				D72417471EBDBC2D002F82C7 /* ICCarWash.m */,
				D72417481EBDBC2D002F82C7 /* ICDirector.h */,
				D72417491EBDBC2D002F82C7 /* ICDirector.m */,
				D724174A1EBDBC2D002F82C7 /* ICEmployee.h */,
				D724174B1EBDBC2D002F82C7 /* ICEmployee.m */,
				D724174C1EBDBC2D002F82C7 /* ICFinancialFlow.h */,
				D724174D1EBDBC2D002F82C7 /* ICWasher.h */,
				D724174E1EBDBC2D002F82C7 /* ICWasher.m */,
				654E13D91EC9FC6500930D2A /* ICRoom.h */,
				654E13DA1EC9FC6500930D2A /* ICRoom.m */,
				654E13DC1ECFB15100930D2A /* ICLocation.h */,
			);
			path = Task3;
			sourceTree = "<group>";
		};
/* End PBXGroup section */

/* Begin PBXNativeTarget section */
		6532882F1EAAA78B00E63A8A /* Creature1 */ = {
			isa = PBXNativeTarget;
			buildConfigurationList = 653288371EAAA78B00E63A8A /* Build configuration list for PBXNativeTarget "Creature1" */;
			buildPhases = (
				6532882C1EAAA78B00E63A8A /* Sources */,
				6532882D1EAAA78B00E63A8A /* Frameworks */,
				6532882E1EAAA78B00E63A8A /* CopyFiles */,
			);
			buildRules = (
			);
			dependencies = (
			);
			name = Creature1;
			productName = Creature1;
			productReference = 653288301EAAA78B00E63A8A /* Creature1 */;
			productType = "com.apple.product-type.tool";
		};
/* End PBXNativeTarget section */

/* Begin PBXProject section */
		653288281EAAA78B00E63A8A /* Project object */ = {
			isa = PBXProject;
			attributes = {
				LastUpgradeCheck = 0830;
				ORGANIZATIONNAME = "Anna P.";
				TargetAttributes = {
					6532882F1EAAA78B00E63A8A = {
						CreatedOnToolsVersion = 8.3.1;
						ProvisioningStyle = Automatic;
					};
				};
			};
			buildConfigurationList = 6532882B1EAAA78B00E63A8A /* Build configuration list for PBXProject "Creature1" */;
			compatibilityVersion = "Xcode 3.2";
			developmentRegion = English;
			hasScannedForEncodings = 0;
			knownRegions = (
				en,
			);
			mainGroup = 653288271EAAA78B00E63A8A;
			productRefGroup = 653288311EAAA78B00E63A8A /* Products */;
			projectDirPath = "";
			projectRoot = "";
			targets = (
				6532882F1EAAA78B00E63A8A /* Creature1 */,
			);
		};
/* End PBXProject section */

/* Begin PBXSourcesBuildPhase section */
		6532882C1EAAA78B00E63A8A /* Sources */ = {
			isa = PBXSourcesBuildPhase;
			buildActionMask = 2147483647;
			files = (
				D724175A1EBDBC2D002F82C7 /* ICCar.m in Sources */,
				D72417591EBDBC2D002F82C7 /* ICBuilding.m in Sources */,
				D72417521EBDBC2D002F82C7 /* NSObject+ICInitObject.m in Sources */,
				D72417581EBDBC2D002F82C7 /* ICAccountant.m in Sources */,
				D72417531EBDBC2D002F82C7 /* NSString+ICGenerateRandomString.m in Sources */,
				D724175D1EBDBC2D002F82C7 /* ICEmployee.m in Sources */,
				D724175C1EBDBC2D002F82C7 /* ICDirector.m in Sources */,
				D72417541EBDBC2D002F82C7 /* ICCreature.m in Sources */,
				D72417501EBDBC2D002F82C7 /* NSArray+ICExtensions.m in Sources */,
				D72417551EBDBC2D002F82C7 /* ICRandomInRange.m in Sources */,
				D72417571EBDBC2D002F82C7 /* ICMaleCreature.m in Sources */,
				D724175E1EBDBC2D002F82C7 /* ICWasher.m in Sources */,
				D72417511EBDBC2D002F82C7 /* NSObject+ICExtensions.m in Sources */,
				D72417561EBDBC2D002F82C7 /* ICFemaleCreature.m in Sources */,
				D724174F1EBDBC2D002F82C7 /* main.m in Sources */,
				D724175B1EBDBC2D002F82C7 /* ICCarWash.m in Sources */,
				654E13DB1EC9FC6500930D2A /* ICRoom.m in Sources */,
			);
			runOnlyForDeploymentPostprocessing = 0;
		};
/* End PBXSourcesBuildPhase section */

/* Begin XCBuildConfiguration section */
		653288351EAAA78B00E63A8A /* Debug */ = {
			isa = XCBuildConfiguration;
			buildSettings = {
				ALWAYS_SEARCH_USER_PATHS = NO;
				CLANG_ANALYZER_NONNULL = YES;
				CLANG_ANALYZER_NUMBER_OBJECT_CONVERSION = YES_AGGRESSIVE;
				CLANG_CXX_LANGUAGE_STANDARD = "gnu++0x";
				CLANG_CXX_LIBRARY = "libc++";
				CLANG_ENABLE_MODULES = YES;
				CLANG_ENABLE_OBJC_ARC = YES;
				CLANG_WARN_BOOL_CONVERSION = YES;
				CLANG_WARN_CONSTANT_CONVERSION = YES;
				CLANG_WARN_DIRECT_OBJC_ISA_USAGE = YES_ERROR;
				CLANG_WARN_DOCUMENTATION_COMMENTS = YES;
				CLANG_WARN_EMPTY_BODY = YES;
				CLANG_WARN_ENUM_CONVERSION = YES;
				CLANG_WARN_INFINITE_RECURSION = YES;
				CLANG_WARN_INT_CONVERSION = YES;
				CLANG_WARN_OBJC_ROOT_CLASS = YES_ERROR;
				CLANG_WARN_SUSPICIOUS_MOVE = YES;
				CLANG_WARN_UNREACHABLE_CODE = YES;
				CLANG_WARN__DUPLICATE_METHOD_MATCH = YES;
				CODE_SIGN_IDENTITY = "-";
				COPY_PHASE_STRIP = NO;
				DEBUG_INFORMATION_FORMAT = dwarf;
				ENABLE_STRICT_OBJC_MSGSEND = YES;
				ENABLE_TESTABILITY = YES;
				GCC_C_LANGUAGE_STANDARD = gnu99;
				GCC_DYNAMIC_NO_PIC = NO;
				GCC_NO_COMMON_BLOCKS = YES;
				GCC_OPTIMIZATION_LEVEL = 0;
				GCC_PREPROCESSOR_DEFINITIONS = (
					"DEBUG=1",
					"$(inherited)",
				);
				GCC_WARN_64_TO_32_BIT_CONVERSION = YES;
				GCC_WARN_ABOUT_RETURN_TYPE = YES_ERROR;
				GCC_WARN_UNDECLARED_SELECTOR = YES;
				GCC_WARN_UNINITIALIZED_AUTOS = YES_AGGRESSIVE;
				GCC_WARN_UNUSED_FUNCTION = YES;
				GCC_WARN_UNUSED_VARIABLE = YES;
				MACOSX_DEPLOYMENT_TARGET = 10.12;
				MTL_ENABLE_DEBUG_INFO = YES;
				ONLY_ACTIVE_ARCH = YES;
				SDKROOT = macosx;
			};
			name = Debug;
		};
		653288361EAAA78B00E63A8A /* Release */ = {
			isa = XCBuildConfiguration;
			buildSettings = {
				ALWAYS_SEARCH_USER_PATHS = NO;
				CLANG_ANALYZER_NONNULL = YES;
				CLANG_ANALYZER_NUMBER_OBJECT_CONVERSION = YES_AGGRESSIVE;
				CLANG_CXX_LANGUAGE_STANDARD = "gnu++0x";
				CLANG_CXX_LIBRARY = "libc++";
				CLANG_ENABLE_MODULES = YES;
				CLANG_ENABLE_OBJC_ARC = YES;
				CLANG_WARN_BOOL_CONVERSION = YES;
				CLANG_WARN_CONSTANT_CONVERSION = YES;
				CLANG_WARN_DIRECT_OBJC_ISA_USAGE = YES_ERROR;
				CLANG_WARN_DOCUMENTATION_COMMENTS = YES;
				CLANG_WARN_EMPTY_BODY = YES;
				CLANG_WARN_ENUM_CONVERSION = YES;
				CLANG_WARN_INFINITE_RECURSION = YES;
				CLANG_WARN_INT_CONVERSION = YES;
				CLANG_WARN_OBJC_ROOT_CLASS = YES_ERROR;
				CLANG_WARN_SUSPICIOUS_MOVE = YES;
				CLANG_WARN_UNREACHABLE_CODE = YES;
				CLANG_WARN__DUPLICATE_METHOD_MATCH = YES;
				CODE_SIGN_IDENTITY = "-";
				COPY_PHASE_STRIP = NO;
				DEBUG_INFORMATION_FORMAT = "dwarf-with-dsym";
				ENABLE_NS_ASSERTIONS = NO;
				ENABLE_STRICT_OBJC_MSGSEND = YES;
				GCC_C_LANGUAGE_STANDARD = gnu99;
				GCC_NO_COMMON_BLOCKS = YES;
				GCC_WARN_64_TO_32_BIT_CONVERSION = YES;
				GCC_WARN_ABOUT_RETURN_TYPE = YES_ERROR;
				GCC_WARN_UNDECLARED_SELECTOR = YES;
				GCC_WARN_UNINITIALIZED_AUTOS = YES_AGGRESSIVE;
				GCC_WARN_UNUSED_FUNCTION = YES;
				GCC_WARN_UNUSED_VARIABLE = YES;
				MACOSX_DEPLOYMENT_TARGET = 10.12;
				MTL_ENABLE_DEBUG_INFO = NO;
				SDKROOT = macosx;
			};
			name = Release;
		};
		653288381EAAA78B00E63A8A /* Debug */ = {
			isa = XCBuildConfiguration;
			buildSettings = {
				CLANG_ENABLE_OBJC_ARC = NO;
				PRODUCT_NAME = "$(TARGET_NAME)";
			};
			name = Debug;
		};
		653288391EAAA78B00E63A8A /* Release */ = {
			isa = XCBuildConfiguration;
			buildSettings = {
				CLANG_ENABLE_OBJC_ARC = NO;
				PRODUCT_NAME = "$(TARGET_NAME)";
			};
			name = Release;
		};
/* End XCBuildConfiguration section */

/* Begin XCConfigurationList section */
		6532882B1EAAA78B00E63A8A /* Build configuration list for PBXProject "Creature1" */ = {
			isa = XCConfigurationList;
			buildConfigurations = (
				653288351EAAA78B00E63A8A /* Debug */,
				653288361EAAA78B00E63A8A /* Release */,
			);
			defaultConfigurationIsVisible = 0;
			defaultConfigurationName = Release;
		};
		653288371EAAA78B00E63A8A /* Build configuration list for PBXNativeTarget "Creature1" */ = {
			isa = XCConfigurationList;
			buildConfigurations = (
				653288381EAAA78B00E63A8A /* Debug */,
				653288391EAAA78B00E63A8A /* Release */,
			);
			defaultConfigurationIsVisible = 0;
			defaultConfigurationName = Release;
		};
/* End XCConfigurationList section */
	};
	rootObject = 653288281EAAA78B00E63A8A /* Project object */;
}
